{
  "name": "oj-transform-zoom",
  "version": "1.0.2",
  "lockfileVersion": 1,
  "requires": true,
  "dependencies": {
    "oj-event": {
      "version": "1.0.2",
      "resolved": "https://registry.npmjs.org/oj-event/-/oj-event-1.0.2.tgz",
      "integrity": "sha512-FOCPwrM0HjXxpXNpxp3TrKU6t+5vBMQn9PvPDPz8UfSS7lcMeXzoGsrPrfYKsX+hh2/1bPVT2PrhJK0adxA93A=="
    }
  }
}
