{
  "name": "oj-transform-zoom",
  "version": "1.0.1",
  "lockfileVersion": 1,
  "requires": true,
  "dependencies": {
    "oj-event": {
      "version": "1.0.1",
      "resolved": "https://registry.npmjs.org/oj-event/-/oj-event-1.0.1.tgz",
      "integrity": "sha512-jMLlviF7C5ykwAWYPEa8Zv2Xni0Rlio6qEbQmFdqeUZbELljz9Q6VPdxy4tJSTJJyNvghcQW/wZNiOE+Ho/3uw=="
    }
  }
}
