{
  "name": "oj-transform-zoom",
  "version": "4.0.1",
  "lockfileVersion": 1,
  "requires": true,
  "dependencies": {
    "oj-event": {
      "version": "4.0.2",
      "resolved": "http://web01.oj.local:3000/oj-event/-/oj-event-4.0.2.tgz",
      "integrity": "sha512-0iaGXNmNmqyzrUZTyodb4DhQDaw/92FCjg0q3mP312Zwr7Ug1vwc/v0RcbpRvmWyWlV+UPPwmv/hs6NdCFmS6g=="
    }
  }
}
